
Microsoft Visual Studio Solution File, Format Version 12.00
# Visual Studio 14
VisualStudioVersion = 14.0.25420.1
MinimumVisualStudioVersion = 10.0.40219.1
Project("{FAE04EC0-301F-11D3-BF4B-00C04F79EFBC}") = "task1", "task1\task1.csproj", "{CD829BA5-858C-427E-AE16-F5239A0EFF57}"
EndProject
Project("{FAE04EC0-301F-11D3-BF4B-00C04F79EFBC}") = "task2", "task2\task2.csproj", "{48F0AC0B-DC81-4052-BB68-3A29AC22464E}"
EndProject
Global
	GlobalSection(SolutionConfigurationPlatforms) = preSolution
		Debug|Any CPU = Debug|Any CPU
		Release|Any CPU = Release|Any CPU
	EndGlobalSection
	GlobalSection(ProjectConfigurationPlatforms) = postSolution
		{CD829BA5-858C-427E-AE16-F5239A0EFF57}.Debug|Any CPU.ActiveCfg = Debug|Any CPU
		{CD829BA5-858C-427E-AE16-F5239A0EFF57}.Debug|Any CPU.Build.0 = Debug|Any CPU
		{CD829BA5-858C-427E-AE16-F5239A0EFF57}.Release|Any CPU.ActiveCfg = Release|Any CPU
		{CD829BA5-858C-427E-AE16-F5239A0EFF57}.Release|Any CPU.Build.0 = Release|Any CPU
		{48F0AC0B-DC81-4052-BB68-3A29AC22464E}.Debug|Any CPU.ActiveCfg = Debug|Any CPU
		{48F0AC0B-DC81-4052-BB68-3A29AC22464E}.Debug|Any CPU.Build.0 = Debug|Any CPU
		{48F0AC0B-DC81-4052-BB68-3A29AC22464E}.Release|Any CPU.ActiveCfg = Release|Any CPU
		{48F0AC0B-DC81-4052-BB68-3A29AC22464E}.Release|Any CPU.Build.0 = Release|Any CPU
	EndGlobalSection
	GlobalSection(SolutionProperties) = preSolution
		HideSolutionNode = FALSE
	EndGlobalSection
EndGlobal
